// !$*UTF8*$!
{
	archiveVersion = 1;
	classes = {
	};
	objectVersion = 56;
	objects = {

/* Begin PBXBuildFile section */
		C70EE5E72922FBD400ACE527 /* Kingfisher in Frameworks */ = {isa = PBXBuildFile; productRef = C70EE5E62922FBD400ACE527 /* Kingfisher */; };
		C70EE5EB2923024500ACE527 /* pokemon.json in Resources */ = {isa = PBXBuildFile; fileRef = C70EE5EA2923024500ACE527 /* pokemon.json */; };
		C70EE5EE2923028400ACE527 /* DataHandler.swift in Sources */ = {isa = PBXBuildFile; fileRef = C70EE5ED2923028400ACE527 /* DataHandler.swift */; };
		C718C4AB2922DCA80031FDAF /* ContentView.swift in Sources */ = {isa = PBXBuildFile; fileRef = C718C4AA2922DCA80031FDAF /* ContentView.swift */; };
		C718C4AD2922DCAA0031FDAF /* Assets.xcassets in Resources */ = {isa = PBXBuildFile; fileRef = C718C4AC2922DCAA0031FDAF /* Assets.xcassets */; };
		C718C4B02922DCAA0031FDAF /* Preview Assets.xcassets in Resources */ = {isa = PBXBuildFile; fileRef = C718C4AF2922DCAA0031FDAF /* Preview Assets.xcassets */; };
		C718C4C02922EDC20031FDAF /* Pokemon.swift in Sources */ = {isa = PBXBuildFile; fileRef = C718C4BF2922EDC20031FDAF /* Pokemon.swift */; };
		C718C4C22922F3010031FDAF /* PokemonListModel.swift in Sources */ = {isa = PBXBuildFile; fileRef = C718C4C12922F3010031FDAF /* PokemonListModel.swift */; };
		C79D3DF029244628005D0729 /* PokemonHeaderView.swift in Sources */ = {isa = PBXBuildFile; fileRef = C79D3DEF29244628005D0729 /* PokemonHeaderView.swift */; };
		C7C23A6D292848C7007FD1C8 /* PokedexSwiftUI.swift in Sources */ = {isa = PBXBuildFile; fileRef = C7C23A6C292848C7007FD1C8 /* PokedexSwiftUI.swift */; };
		C7D33AB9292579060061F028 /* ImageView.swift in Sources */ = {isa = PBXBuildFile; fileRef = C7D33AB8292579060061F028 /* ImageView.swift */; };
		C7D33ABC292579320061F028 /* ImageViewModel.swift in Sources */ = {isa = PBXBuildFile; fileRef = C7D33ABB292579320061F028 /* ImageViewModel.swift */; };
		C7D33ABE292580410061F028 /* PhotoCache.swift in Sources */ = {isa = PBXBuildFile; fileRef = C7D33ABD292580410061F028 /* PhotoCache.swift */; };
		C7D33AC02925812E0061F028 /* FilePhotoManager.swift in Sources */ = {isa = PBXBuildFile; fileRef = C7D33ABF2925812E0061F028 /* FilePhotoManager.swift */; };
		C7D33AC42926D91D0061F028 /* SoundManager.swift in Sources */ = {isa = PBXBuildFile; fileRef = C7D33AC32926D91C0061F028 /* SoundManager.swift */; };
		C7D33AC92926DBD70061F028 /* pokemon_buzz.wav in Resources */ = {isa = PBXBuildFile; fileRef = C7D33AC62926DBD60061F028 /* pokemon_buzz.wav */; };
		C7D33ACA2926DBD70061F028 /* pokemon-button.mp3 in Resources */ = {isa = PBXBuildFile; fileRef = C7D33AC72926DBD70061F028 /* pokemon-button.mp3 */; };
		C7D33ACB2926DBD70061F028 /* pokemonCenter.mp3 in Resources */ = {isa = PBXBuildFile; fileRef = C7D33AC82926DBD70061F028 /* pokemonCenter.mp3 */; };
		C7D33ACD2926DD650061F028 /* HapticManager.swift in Sources */ = {isa = PBXBuildFile; fileRef = C7D33ACC2926DD650061F028 /* HapticManager.swift */; };
		C7D33ACF2926F4EB0061F028 /* PokemonView.swift in Sources */ = {isa = PBXBuildFile; fileRef = C7D33ACE2926F4EB0061F028 /* PokemonView.swift */; };
/* End PBXBuildFile section */

/* Begin PBXFileReference section */
		C70EE5EA2923024500ACE527 /* pokemon.json */ = {isa = PBXFileReference; lastKnownFileType = text.json; path = pokemon.json; sourceTree = "<group>"; };
		C70EE5ED2923028400ACE527 /* DataHandler.swift */ = {isa = PBXFileReference; lastKnownFileType = sourcecode.swift; path = DataHandler.swift; sourceTree = "<group>"; };
		C718C4A52922DCA80031FDAF /* Pokedex.app */ = {isa = PBXFileReference; explicitFileType = wrapper.application; includeInIndex = 0; path = Pokedex.app; sourceTree = BUILT_PRODUCTS_DIR; };
		C718C4AA2922DCA80031FDAF /* ContentView.swift */ = {isa = PBXFileReference; lastKnownFileType = sourcecode.swift; path = ContentView.swift; sourceTree = "<group>"; };
		C718C4AC2922DCAA0031FDAF /* Assets.xcassets */ = {isa = PBXFileReference; lastKnownFileType = folder.assetcatalog; path = Assets.xcassets; sourceTree = "<group>"; };
		C718C4AF2922DCAA0031FDAF /* Preview Assets.xcassets */ = {isa = PBXFileReference; lastKnownFileType = folder.assetcatalog; path = "Preview Assets.xcassets"; sourceTree = "<group>"; };
		C718C4BF2922EDC20031FDAF /* Pokemon.swift */ = {isa = PBXFileReference; lastKnownFileType = sourcecode.swift; path = Pokemon.swift; sourceTree = "<group>"; };
		C718C4C12922F3010031FDAF /* PokemonListModel.swift */ = {isa = PBXFileReference; lastKnownFileType = sourcecode.swift; path = PokemonListModel.swift; sourceTree = "<group>"; };
		C79D3DEF29244628005D0729 /* PokemonHeaderView.swift */ = {isa = PBXFileReference; lastKnownFileType = sourcecode.swift; path = PokemonHeaderView.swift; sourceTree = "<group>"; };
		C7C23A6C292848C7007FD1C8 /* PokedexSwiftUI.swift */ = {isa = PBXFileReference; lastKnownFileType = sourcecode.swift; path = PokedexSwiftUI.swift; sourceTree = "<group>"; };
		C7D33AB8292579060061F028 /* ImageView.swift */ = {isa = PBXFileReference; lastKnownFileType = sourcecode.swift; path = ImageView.swift; sourceTree = "<group>"; };
		C7D33ABB292579320061F028 /* ImageViewModel.swift */ = {isa = PBXFileReference; lastKnownFileType = sourcecode.swift; path = ImageViewModel.swift; sourceTree = "<group>"; };
		C7D33ABD292580410061F028 /* PhotoCache.swift */ = {isa = PBXFileReference; lastKnownFileType = sourcecode.swift; path = PhotoCache.swift; sourceTree = "<group>"; };
		C7D33ABF2925812E0061F028 /* FilePhotoManager.swift */ = {isa = PBXFileReference; lastKnownFileType = sourcecode.swift; path = FilePhotoManager.swift; sourceTree = "<group>"; };
		C7D33AC32926D91C0061F028 /* SoundManager.swift */ = {isa = PBXFileReference; lastKnownFileType = sourcecode.swift; path = SoundManager.swift; sourceTree = "<group>"; };
		C7D33AC62926DBD60061F028 /* pokemon_buzz.wav */ = {isa = PBXFileReference; lastKnownFileType = audio.wav; path = pokemon_buzz.wav; sourceTree = "<group>"; };
		C7D33AC72926DBD70061F028 /* pokemon-button.mp3 */ = {isa = PBXFileReference; lastKnownFileType = audio.mp3; path = "pokemon-button.mp3"; sourceTree = "<group>"; };
		C7D33AC82926DBD70061F028 /* pokemonCenter.mp3 */ = {isa = PBXFileReference; lastKnownFileType = audio.mp3; path = pokemonCenter.mp3; sourceTree = "<group>"; };
		C7D33ACC2926DD650061F028 /* HapticManager.swift */ = {isa = PBXFileReference; lastKnownFileType = sourcecode.swift; path = HapticManager.swift; sourceTree = "<group>"; };
		C7D33ACE2926F4EB0061F028 /* PokemonView.swift */ = {isa = PBXFileReference; lastKnownFileType = sourcecode.swift; path = PokemonView.swift; sourceTree = "<group>"; };
/* End PBXFileReference section */

/* Begin PBXFrameworksBuildPhase section */
		C718C4A22922DCA80031FDAF /* Frameworks */ = {
			isa = PBXFrameworksBuildPhase;
			buildActionMask = 2147483647;
			files = (
				C70EE5E72922FBD400ACE527 /* Kingfisher in Frameworks */,
			);
			runOnlyForDeploymentPostprocessing = 0;
		};
/* End PBXFrameworksBuildPhase section */

/* Begin PBXGroup section */
		C70EE5E82923020A00ACE527 /* Data */ = {
			isa = PBXGroup;
			children = (
				C70EE5EA2923024500ACE527 /* pokemon.json */,
			);
			path = Data;
			sourceTree = "<group>";
		};
		C70EE5EC2923026F00ACE527 /* Utility */ = {
			isa = PBXGroup;
			children = (
				C70EE5ED2923028400ACE527 /* DataHandler.swift */,
				C7D33ABD292580410061F028 /* PhotoCache.swift */,
				C7D33ABF2925812E0061F028 /* FilePhotoManager.swift */,
				C7D33ACC2926DD650061F028 /* HapticManager.swift */,
			);
			path = Utility;
			sourceTree = "<group>";
		};
		C718C49C2922DCA80031FDAF = {
			isa = PBXGroup;
			children = (
				C718C4A72922DCA80031FDAF /* Pokedex */,
				C718C4A62922DCA80031FDAF /* Products */,
			);
			sourceTree = "<group>";
		};
		C718C4A62922DCA80031FDAF /* Products */ = {
			isa = PBXGroup;
			children = (
				C718C4A52922DCA80031FDAF /* Pokedex.app */,
			);
			name = Products;
			sourceTree = "<group>";
		};
		C718C4A72922DCA80031FDAF /* Pokedex */ = {
			isa = PBXGroup;
			children = (
				C7D33AC52926DB8D0061F028 /* Sound */,
				C7D33AC62926DBD60061F028 /* pokemon_buzz.wav */,
				C7D33AC72926DBD70061F028 /* pokemon-button.mp3 */,
				C7D33AC82926DBD70061F028 /* pokemonCenter.mp3 */,
				C70EE5EC2923026F00ACE527 /* Utility */,
				C70EE5E82923020A00ACE527 /* Data */,
				C718C4B92922DE1E0031FDAF /* Models */,
				C718C4B82922DE1C0031FDAF /* ViewModels */,
				C718C4B62922DE010031FDAF /* View */,
				C718C4AC2922DCAA0031FDAF /* Assets.xcassets */,
				C7C23A6C292848C7007FD1C8 /* PokedexSwiftUI.swift */,
				C718C4AE2922DCAA0031FDAF /* Preview Content */,
			);
			path = Pokedex;
			sourceTree = "<group>";
		};
		C718C4AE2922DCAA0031FDAF /* Preview Content */ = {
			isa = PBXGroup;
			children = (
				C718C4AF2922DCAA0031FDAF /* Preview Assets.xcassets */,
			);
			path = "Preview Content";
			sourceTree = "<group>";
		};
		C718C4B62922DE010031FDAF /* View */ = {
			isa = PBXGroup;
			children = (
				C718C4AA2922DCA80031FDAF /* ContentView.swift */,
				C79D3DEF29244628005D0729 /* PokemonHeaderView.swift */,
				C7D33AB8292579060061F028 /* ImageView.swift */,
				C7D33ACE2926F4EB0061F028 /* PokemonView.swift */,
			);
			path = View;
			sourceTree = "<group>";
		};
		C718C4B82922DE1C0031FDAF /* ViewModels */ = {
			isa = PBXGroup;
			children = (
				C718C4C12922F3010031FDAF /* PokemonListModel.swift */,
				C7D33ABB292579320061F028 /* ImageViewModel.swift */,
			);
			path = ViewModels;
			sourceTree = "<group>";
		};
		C718C4B92922DE1E0031FDAF /* Models */ = {
			isa = PBXGroup;
			children = (
				C718C4BF2922EDC20031FDAF /* Pokemon.swift */,
			);
			path = Models;
			sourceTree = "<group>";
		};
		C7D33AC52926DB8D0061F028 /* Sound */ = {
			isa = PBXGroup;
			children = (
				C7D33AC32926D91C0061F028 /* SoundManager.swift */,
			);
			path = Sound;
			sourceTree = "<group>";
		};
/* End PBXGroup section */

/* Begin PBXNativeTarget section */
		C718C4A42922DCA80031FDAF /* Pokedex */ = {
			isa = PBXNativeTarget;
			buildConfigurationList = C718C4B32922DCAA0031FDAF /* Build configuration list for PBXNativeTarget "Pokedex" */;
			buildPhases = (
				C718C4A12922DCA80031FDAF /* Sources */,
				C718C4A22922DCA80031FDAF /* Frameworks */,
				C718C4A32922DCA80031FDAF /* Resources */,
			);
			buildRules = (
			);
			dependencies = (
			);
			name = Pokedex;
			packageProductDependencies = (
				C70EE5E62922FBD400ACE527 /* Kingfisher */,
			);
			productName = PokedexSwiftUITutorial;
			productReference = C718C4A52922DCA80031FDAF /* Pokedex.app */;
			productType = "com.apple.product-type.application";
		};
/* End PBXNativeTarget section */

/* Begin PBXProject section */
		C718C49D2922DCA80031FDAF /* Project object */ = {
			isa = PBXProject;
			attributes = {
				BuildIndependentTargetsInParallel = 1;
				LastSwiftUpdateCheck = 1410;
				LastUpgradeCheck = 1410;
				TargetAttributes = {
					C718C4A42922DCA80031FDAF = {
						CreatedOnToolsVersion = 14.1;
					};
				};
			};
			buildConfigurationList = C718C4A02922DCA80031FDAF /* Build configuration list for PBXProject "Pokedex" */;
			compatibilityVersion = "Xcode 14.0";
			developmentRegion = en;
			hasScannedForEncodings = 0;
			knownRegions = (
				en,
				Base,
			);
			mainGroup = C718C49C2922DCA80031FDAF;
			packageReferences = (
				C70EE5E52922FBD400ACE527 /* XCRemoteSwiftPackageReference "Kingfisher" */,
			);
			productRefGroup = C718C4A62922DCA80031FDAF /* Products */;
			projectDirPath = "";
			projectRoot = "";
			targets = (
				C718C4A42922DCA80031FDAF /* Pokedex */,
			);
		};
/* End PBXProject section */

/* Begin PBXResourcesBuildPhase section */
		C718C4A32922DCA80031FDAF /* Resources */ = {
			isa = PBXResourcesBuildPhase;
			buildActionMask = 2147483647;
			files = (
				C718C4B02922DCAA0031FDAF /* Preview Assets.xcassets in Resources */,
				C7D33ACB2926DBD70061F028 /* pokemonCenter.mp3 in Resources */,
				C70EE5EB2923024500ACE527 /* pokemon.json in Resources */,
				C7D33ACA2926DBD70061F028 /* pokemon-button.mp3 in Resources */,
				C718C4AD2922DCAA0031FDAF /* Assets.xcassets in Resources */,
				C7D33AC92926DBD70061F028 /* pokemon_buzz.wav in Resources */,
			);
			runOnlyForDeploymentPostprocessing = 0;
		};
/* End PBXResourcesBuildPhase section */

/* Begin PBXSourcesBuildPhase section */
		C718C4A12922DCA80031FDAF /* Sources */ = {
			isa = PBXSourcesBuildPhase;
			buildActionMask = 2147483647;
			files = (
				C7D33ABE292580410061F028 /* PhotoCache.swift in Sources */,
				C7D33AC02925812E0061F028 /* FilePhotoManager.swift in Sources */,
				C7D33AC42926D91D0061F028 /* SoundManager.swift in Sources */,
				C718C4C02922EDC20031FDAF /* Pokemon.swift in Sources */,
				C7C23A6D292848C7007FD1C8 /* PokedexSwiftUI.swift in Sources */,
				C7D33ACF2926F4EB0061F028 /* PokemonView.swift in Sources */,
				C79D3DF029244628005D0729 /* PokemonHeaderView.swift in Sources */,
				C7D33AB9292579060061F028 /* ImageView.swift in Sources */,
				C70EE5EE2923028400ACE527 /* DataHandler.swift in Sources */,
				C7D33ABC292579320061F028 /* ImageViewModel.swift in Sources */,
				C718C4AB2922DCA80031FDAF /* ContentView.swift in Sources */,
				C718C4C22922F3010031FDAF /* PokemonListModel.swift in Sources */,
				C7D33ACD2926DD650061F028 /* HapticManager.swift in Sources */,
			);
			runOnlyForDeploymentPostprocessing = 0;
		};
/* End PBXSourcesBuildPhase section */

/* Begin XCBuildConfiguration section */
		C718C4B12922DCAA0031FDAF /* Debug */ = {
			isa = XCBuildConfiguration;
			buildSettings = {
				ALWAYS_SEARCH_USER_PATHS = NO;
				CLANG_ANALYZER_NONNULL = YES;
				CLANG_ANALYZER_NUMBER_OBJECT_CONVERSION = YES_AGGRESSIVE;
				CLANG_CXX_LANGUAGE_STANDARD = "gnu++20";
				CLANG_ENABLE_MODULES = YES;
				CLANG_ENABLE_OBJC_ARC = YES;
				CLANG_ENABLE_OBJC_WEAK = YES;
				CLANG_WARN_BLOCK_CAPTURE_AUTORELEASING = YES;
				CLANG_WARN_BOOL_CONVERSION = YES;
				CLANG_WARN_COMMA = YES;
				CLANG_WARN_CONSTANT_CONVERSION = YES;
				CLANG_WARN_DEPRECATED_OBJC_IMPLEMENTATIONS = YES;
				CLANG_WARN_DIRECT_OBJC_ISA_USAGE = YES_ERROR;
				CLANG_WARN_DOCUMENTATION_COMMENTS = YES;
				CLANG_WARN_EMPTY_BODY = YES;
				CLANG_WARN_ENUM_CONVERSION = YES;
				CLANG_WARN_INFINITE_RECURSION = YES;
				CLANG_WARN_INT_CONVERSION = YES;
				CLANG_WARN_NON_LITERAL_NULL_CONVERSION = YES;
				CLANG_WARN_OBJC_IMPLICIT_RETAIN_SELF = YES;
				CLANG_WARN_OBJC_LITERAL_CONVERSION = YES;
				CLANG_WARN_OBJC_ROOT_CLASS = YES_ERROR;
				CLANG_WARN_QUOTED_INCLUDE_IN_FRAMEWORK_HEADER = YES;
				CLANG_WARN_RANGE_LOOP_ANALYSIS = YES;
				CLANG_WARN_STRICT_PROTOTYPES = YES;
				CLANG_WARN_SUSPICIOUS_MOVE = YES;
				CLANG_WARN_UNGUARDED_AVAILABILITY = YES_AGGRESSIVE;
				CLANG_WARN_UNREACHABLE_CODE = YES;
				CLANG_WARN__DUPLICATE_METHOD_MATCH = YES;
				COPY_PHASE_STRIP = NO;
				DEBUG_INFORMATION_FORMAT = dwarf;
				ENABLE_STRICT_OBJC_MSGSEND = YES;
				ENABLE_TESTABILITY = YES;
				GCC_C_LANGUAGE_STANDARD = gnu11;
				GCC_DYNAMIC_NO_PIC = NO;
				GCC_NO_COMMON_BLOCKS = YES;
				GCC_OPTIMIZATION_LEVEL = 0;
				GCC_PREPROCESSOR_DEFINITIONS = (
					"DEBUG=1",
					"$(inherited)",
				);
				GCC_WARN_64_TO_32_BIT_CONVERSION = YES;
				GCC_WARN_ABOUT_RETURN_TYPE = YES_ERROR;
				GCC_WARN_UNDECLARED_SELECTOR = YES;
				GCC_WARN_UNINITIALIZED_AUTOS = YES_AGGRESSIVE;
				GCC_WARN_UNUSED_FUNCTION = YES;
				GCC_WARN_UNUSED_VARIABLE = YES;
				IPHONEOS_DEPLOYMENT_TARGET = 16.1;
				MTL_ENABLE_DEBUG_INFO = INCLUDE_SOURCE;
				MTL_FAST_MATH = YES;
				ONLY_ACTIVE_ARCH = YES;
				SDKROOT = iphoneos;
				SWIFT_ACTIVE_COMPILATION_CONDITIONS = DEBUG;
				SWIFT_OPTIMIZATION_LEVEL = "-Onone";
			};
			name = Debug;
		};
		C718C4B22922DCAA0031FDAF /* Release */ = {
			isa = XCBuildConfiguration;
			buildSettings = {
				ALWAYS_SEARCH_USER_PATHS = NO;
				CLANG_ANALYZER_NONNULL = YES;
				CLANG_ANALYZER_NUMBER_OBJECT_CONVERSION = YES_AGGRESSIVE;
				CLANG_CXX_LANGUAGE_STANDARD = "gnu++20";
				CLANG_ENABLE_MODULES = YES;
				CLANG_ENABLE_OBJC_ARC = YES;
				CLANG_ENABLE_OBJC_WEAK = YES;
				CLANG_WARN_BLOCK_CAPTURE_AUTORELEASING = YES;
				CLANG_WARN_BOOL_CONVERSION = YES;
				CLANG_WARN_COMMA = YES;
				CLANG_WARN_CONSTANT_CONVERSION = YES;
				CLANG_WARN_DEPRECATED_OBJC_IMPLEMENTATIONS = YES;
				CLANG_WARN_DIRECT_OBJC_ISA_USAGE = YES_ERROR;
				CLANG_WARN_DOCUMENTATION_COMMENTS = YES;
				CLANG_WARN_EMPTY_BODY = YES;
				CLANG_WARN_ENUM_CONVERSION = YES;
				CLANG_WARN_INFINITE_RECURSION = YES;
				CLANG_WARN_INT_CONVERSION = YES;
				CLANG_WARN_NON_LITERAL_NULL_CONVERSION = YES;
				CLANG_WARN_OBJC_IMPLICIT_RETAIN_SELF = YES;
				CLANG_WARN_OBJC_LITERAL_CONVERSION = YES;
				CLANG_WARN_OBJC_ROOT_CLASS = YES_ERROR;
				CLANG_WARN_QUOTED_INCLUDE_IN_FRAMEWORK_HEADER = YES;
				CLANG_WARN_RANGE_LOOP_ANALYSIS = YES;
				CLANG_WARN_STRICT_PROTOTYPES = YES;
				CLANG_WARN_SUSPICIOUS_MOVE = YES;
				CLANG_WARN_UNGUARDED_AVAILABILITY = YES_AGGRESSIVE;
				CLANG_WARN_UNREACHABLE_CODE = YES;
				CLANG_WARN__DUPLICATE_METHOD_MATCH = YES;
				COPY_PHASE_STRIP = NO;
				DEBUG_INFORMATION_FORMAT = "dwarf-with-dsym";
				ENABLE_NS_ASSERTIONS = NO;
				ENABLE_STRICT_OBJC_MSGSEND = YES;
				GCC_C_LANGUAGE_STANDARD = gnu11;
				GCC_NO_COMMON_BLOCKS = YES;
				GCC_WARN_64_TO_32_BIT_CONVERSION = YES;
				GCC_WARN_ABOUT_RETURN_TYPE = YES_ERROR;
				GCC_WARN_UNDECLARED_SELECTOR = YES;
				GCC_WARN_UNINITIALIZED_AUTOS = YES_AGGRESSIVE;
				GCC_WARN_UNUSED_FUNCTION = YES;
				GCC_WARN_UNUSED_VARIABLE = YES;
				IPHONEOS_DEPLOYMENT_TARGET = 16.1;
				MTL_ENABLE_DEBUG_INFO = NO;
				MTL_FAST_MATH = YES;
				ONLY_ACTIVE_ARCH = YES;
				SDKROOT = iphoneos;
				SWIFT_COMPILATION_MODE = wholemodule;
				SWIFT_OPTIMIZATION_LEVEL = "-O";
				VALIDATE_PRODUCT = YES;
			};
			name = Release;
		};
		C718C4B42922DCAA0031FDAF /* Debug */ = {
			isa = XCBuildConfiguration;
			buildSettings = {
				ASSETCATALOG_COMPILER_APPICON_NAME = AppIcon;
				ASSETCATALOG_COMPILER_GLOBAL_ACCENT_COLOR_NAME = AccentColor;
				CODE_SIGN_STYLE = Automatic;
				CURRENT_PROJECT_VERSION = 1;
				DEVELOPMENT_TEAM = XDX2A575S2;
				ENABLE_PREVIEWS = YES;
				GENERATE_INFOPLIST_FILE = YES;
				INFOPLIST_KEY_UIApplicationSceneManifest_Generation = YES;
				INFOPLIST_KEY_UIApplicationSupportsIndirectInputEvents = YES;
				INFOPLIST_KEY_UILaunchScreen_Generation = YES;
				INFOPLIST_KEY_UISupportedInterfaceOrientations_iPad = "UIInterfaceOrientationPortrait UIInterfaceOrientationPortraitUpsideDown UIInterfaceOrientationLandscapeLeft UIInterfaceOrientationLandscapeRight";
				INFOPLIST_KEY_UISupportedInterfaceOrientations_iPhone = "UIInterfaceOrientationPortrait UIInterfaceOrientationLandscapeLeft UIInterfaceOrientationLandscapeRight";
				IPHONEOS_DEPLOYMENT_TARGET = 15.0;
				LD_RUNPATH_SEARCH_PATHS = (
					"$(inherited)",
					"@executable_path/Frameworks",
				);
				MARKETING_VERSION = 1.0;
				PRODUCT_BUNDLE_IDENTIFIER = taiga.PokedexSwiftUI;
				PRODUCT_NAME = "$(TARGET_NAME)";
				SWIFT_EMIT_LOC_STRINGS = YES;
				SWIFT_VERSION = 5.0;
				TARGETED_DEVICE_FAMILY = "1,2";
			};
			name = Debug;
		};
		C718C4B52922DCAA0031FDAF /* Release */ = {
			isa = XCBuildConfiguration;
			buildSettings = {
				ASSETCATALOG_COMPILER_APPICON_NAME = AppIcon;
				ASSETCATALOG_COMPILER_GLOBAL_ACCENT_COLOR_NAME = AccentColor;
				CODE_SIGN_STYLE = Automatic;
				CURRENT_PROJECT_VERSION = 1;
				DEVELOPMENT_TEAM = XDX2A575S2;
				ENABLE_PREVIEWS = YES;
				GENERATE_INFOPLIST_FILE = YES;
				INFOPLIST_KEY_UIApplicationSceneManifest_Generation = YES;
				INFOPLIST_KEY_UIApplicationSupportsIndirectInputEvents = YES;
				INFOPLIST_KEY_UILaunchScreen_Generation = YES;
				INFOPLIST_KEY_UISupportedInterfaceOrientations_iPad = "UIInterfaceOrientationPortrait UIInterfaceOrientationPortraitUpsideDown UIInterfaceOrientationLandscapeLeft UIInterfaceOrientationLandscapeRight";
				INFOPLIST_KEY_UISupportedInterfaceOrientations_iPhone = "UIInterfaceOrientationPortrait UIInterfaceOrientationLandscapeLeft UIInterfaceOrientationLandscapeRight";
				IPHONEOS_DEPLOYMENT_TARGET = 15.0;
				LD_RUNPATH_SEARCH_PATHS = (
					"$(inherited)",
					"@executable_path/Frameworks",
				);
				MARKETING_VERSION = 1.0;
				PRODUCT_BUNDLE_IDENTIFIER = taiga.PokedexSwiftUI;
				PRODUCT_NAME = "$(TARGET_NAME)";
				SWIFT_EMIT_LOC_STRINGS = YES;
				SWIFT_VERSION = 5.0;
				TARGETED_DEVICE_FAMILY = "1,2";
			};
			name = Release;
		};
/* End XCBuildConfiguration section */

/* Begin XCConfigurationList section */
		C718C4A02922DCA80031FDAF /* Build configuration list for PBXProject "Pokedex" */ = {
			isa = XCConfigurationList;
			buildConfigurations = (
				C718C4B12922DCAA0031FDAF /* Debug */,
				C718C4B22922DCAA0031FDAF /* Release */,
			);
			defaultConfigurationIsVisible = 0;
			defaultConfigurationName = Release;
		};
		C718C4B32922DCAA0031FDAF /* Build configuration list for PBXNativeTarget "Pokedex" */ = {
			isa = XCConfigurationList;
			buildConfigurations = (
				C718C4B42922DCAA0031FDAF /* Debug */,
				C718C4B52922DCAA0031FDAF /* Release */,
			);
			defaultConfigurationIsVisible = 0;
			defaultConfigurationName = Release;
		};
/* End XCConfigurationList section */

/* Begin XCRemoteSwiftPackageReference section */
		C70EE5E52922FBD400ACE527 /* XCRemoteSwiftPackageReference "Kingfisher" */ = {
			isa = XCRemoteSwiftPackageReference;
			repositoryURL = "https://github.com/onevcat/Kingfisher.git";
			requirement = {
				kind = upToNextMajorVersion;
				minimumVersion = 7.0.0;
			};
		};
/* End XCRemoteSwiftPackageReference section */

/* Begin XCSwiftPackageProductDependency section */
		C70EE5E62922FBD400ACE527 /* Kingfisher */ = {
			isa = XCSwiftPackageProductDependency;
			package = C70EE5E52922FBD400ACE527 /* XCRemoteSwiftPackageReference "Kingfisher" */;
			productName = Kingfisher;
		};
/* End XCSwiftPackageProductDependency section */
	};
	rootObject = C718C49D2922DCA80031FDAF /* Project object */;
}
